// !$*UTF8*$!
{
	archiveVersion = 1;
	classes = {
	};
	objectVersion = 51;
	objects = {

/* Begin PBXBuildFile section */
		1423C062E6237B5ECBCD415F /* Pods_NightwavePlazaTests.framework in Frameworks */ = {isa = PBXBuildFile; fileRef = A51012A0A3FBB1E50EB8492A /* Pods_NightwavePlazaTests.framework */; };
		933DA3AF9F6C2A968A6B5170 /* RequestToGetStatus.response.json in Resources */ = {isa = PBXBuildFile; fileRef = 9043FCADF85B8DB664F713DF /* RequestToGetStatus.response.json */; };
		BEB913665039D0E3E6C53ECA /* Pods_NightwavePlaza.framework in Frameworks */ = {isa = PBXBuildFile; fileRef = 4221990D687A9AC1A612E781 /* Pods_NightwavePlaza.framework */; };
		FA0605D0250E463D001C3C46 /* LastFmService.swift in Sources */ = {isa = PBXBuildFile; fileRef = FA0605CF250E463D001C3C46 /* LastFmService.swift */; };
		FA0FFD582479B55F00C58CFE /* AppDelegate.swift in Sources */ = {isa = PBXBuildFile; fileRef = FA0FFD572479B55F00C58CFE /* AppDelegate.swift */; };
		FA0FFD5C2479B55F00C58CFE /* MainViewController.swift in Sources */ = {isa = PBXBuildFile; fileRef = FA0FFD5B2479B55F00C58CFE /* MainViewController.swift */; };
		FA0FFD5F2479B55F00C58CFE /* Main.storyboard in Resources */ = {isa = PBXBuildFile; fileRef = FA0FFD5D2479B55F00C58CFE /* Main.storyboard */; };
		FA0FFD612479B56100C58CFE /* Assets.xcassets in Resources */ = {isa = PBXBuildFile; fileRef = FA0FFD602479B56100C58CFE /* Assets.xcassets */; };
		FA0FFD642479B56100C58CFE /* LaunchScreen.storyboard in Resources */ = {isa = PBXBuildFile; fileRef = FA0FFD622479B56100C58CFE /* LaunchScreen.storyboard */; };
		FA0FFD6F2479B56100C58CFE /* NightwavePlazaTests.swift in Sources */ = {isa = PBXBuildFile; fileRef = FA0FFD6E2479B56100C58CFE /* NightwavePlazaTests.swift */; };
		FA22BD652518033400D204D5 /* ObservableWithPrevious.swift in Sources */ = {isa = PBXBuildFile; fileRef = FA22BD642518033400D204D5 /* ObservableWithPrevious.swift */; };
		FA22BD682518089000D204D5 /* RequestToScrobble.swift in Sources */ = {isa = PBXBuildFile; fileRef = FA22BD672518089000D204D5 /* RequestToScrobble.swift */; };
		FA22BD6A2518089C00D204D5 /* RequestToNowPlaying.swift in Sources */ = {isa = PBXBuildFile; fileRef = FA22BD692518089C00D204D5 /* RequestToNowPlaying.swift */; };
		FA2D1DAC24E8873F00EE0556 /* WebBridgeService.swift in Sources */ = {isa = PBXBuildFile; fileRef = FA2D1DAB24E8873F00EE0556 /* WebBridgeService.swift */; };
		FA7069BB247A69D700AFBD61 /* gena.plist in Resources */ = {isa = PBXBuildFile; fileRef = FA7069BA247A69D700AFBD61 /* gena.plist */; };
		FA7069BD247A6A0C00AFBD61 /* RequestToGetStatus.swift in Sources */ = {isa = PBXBuildFile; fileRef = FA7069BC247A6A0C00AFBD61 /* RequestToGetStatus.swift */; };
		FA7069C5247A6E8600AFBD61 /* RestClient.swift in Sources */ = {isa = PBXBuildFile; fileRef = FA7069C4247A6E8600AFBD61 /* RestClient.swift */; };
		FA7069C8247A6FD900AFBD61 /* Status.swift in Sources */ = {isa = PBXBuildFile; fileRef = FA7069C7247A6FD900AFBD61 /* Status.swift */; };
		FA75265625052E8B00C649BC /* BackgroundCacheManager.swift in Sources */ = {isa = PBXBuildFile; fileRef = FA75265525052E8B00C649BC /* BackgroundCacheManager.swift */; };
		FA75265925052ECB00C649BC /* RequestToDownloadFile.swift in Sources */ = {isa = PBXBuildFile; fileRef = FA75265825052ECB00C649BC /* RequestToDownloadFile.swift */; };
		FA75265B25055C6000C649BC /* SleepTimerService.swift in Sources */ = {isa = PBXBuildFile; fileRef = FA75265A25055C6000C649BC /* SleepTimerService.swift */; };
		FA75265F25056D4800C649BC /* EasyTipView.swift in Sources */ = {isa = PBXBuildFile; fileRef = FA75265D25056D4800C649BC /* EasyTipView.swift */; };
		FA75266025056D4800C649BC /* UIKitExtensions.swift in Sources */ = {isa = PBXBuildFile; fileRef = FA75265E25056D4800C649BC /* UIKitExtensions.swift */; };
		FA9A397D24D6C3CD00E6EF38 /* WebMessageBusService.swift in Sources */ = {isa = PBXBuildFile; fileRef = FA9A397C24D6C3CD00E6EF38 /* WebMessageBusService.swift */; };
		FAB2E1742504F7620026C008 /* StartMenuHandler.swift in Sources */ = {isa = PBXBuildFile; fileRef = FAB2E1732504F7620026C008 /* StartMenuHandler.swift */; };
		FAB2E1762504F8840026C008 /* StartMenuItem.swift in Sources */ = {isa = PBXBuildFile; fileRef = FAB2E1752504F8840026C008 /* StartMenuItem.swift */; };
		FAB2E1782504F8920026C008 /* StartMenuView.swift in Sources */ = {isa = PBXBuildFile; fileRef = FAB2E1772504F8920026C008 /* StartMenuView.swift */; };
		FAB2E17D2504FDC80026C008 /* UIColor+hex.swift in Sources */ = {isa = PBXBuildFile; fileRef = FAB2E17C2504FDC80026C008 /* UIColor+hex.swift */; };
		FAB2E17F25050B8C0026C008 /* StartMenuHeaderView.swift in Sources */ = {isa = PBXBuildFile; fileRef = FAB2E17E25050B8C0026C008 /* StartMenuHeaderView.swift */; };
		FAB2E181250514650026C008 /* AuthStorage.swift in Sources */ = {isa = PBXBuildFile; fileRef = FAB2E180250514650026C008 /* AuthStorage.swift */; };
		FAC43AA224D6AB300073341F /* Web.storyboard in Resources */ = {isa = PBXBuildFile; fileRef = FAC43AA124D6AB300073341F /* Web.storyboard */; };
		FAC43AA424D6AB520073341F /* WebViewController.swift in Sources */ = {isa = PBXBuildFile; fileRef = FAC43AA324D6AB520073341F /* WebViewController.swift */; };
		FAC43AA624D6AD940073341F /* web in Resources */ = {isa = PBXBuildFile; fileRef = FAC43AA524D6AD940073341F /* web */; };
		FACEC4B824E852AB00265659 /* WebMessage.swift in Sources */ = {isa = PBXBuildFile; fileRef = FACEC4B724E852AB00265659 /* WebMessage.swift */; };
		FAE41EFB247A85E40076D927 /* StatusService.swift in Sources */ = {isa = PBXBuildFile; fileRef = FAE41EFA247A85E40076D927 /* StatusService.swift */; };
		FAE41EFD247A8B7C0076D927 /* RequestToGetImage.swift in Sources */ = {isa = PBXBuildFile; fileRef = FAE41EFC247A8B7C0076D927 /* RequestToGetImage.swift */; };
		FAE41EFF247AA47B0076D927 /* MetadataService.swift in Sources */ = {isa = PBXBuildFile; fileRef = FAE41EFE247AA47B0076D927 /* MetadataService.swift */; };
		FAE41F01247AA4A10076D927 /* PlaybackService.swift in Sources */ = {isa = PBXBuildFile; fileRef = FAE41F00247AA4A10076D927 /* PlaybackService.swift */; };
		FAE41F03247ABD860076D927 /* UpdateScheduler.swift in Sources */ = {isa = PBXBuildFile; fileRef = FAE41F02247ABD860076D927 /* UpdateScheduler.swift */; };
		FAE41F05247ACFA90076D927 /* BackgroundView.swift in Sources */ = {isa = PBXBuildFile; fileRef = FAE41F04247ACFA90076D927 /* BackgroundView.swift */; };
		FAE41F08247ADA570076D927 /* RequestToGetBackgrounds.swift in Sources */ = {isa = PBXBuildFile; fileRef = FAE41F07247ADA570076D927 /* RequestToGetBackgrounds.swift */; };
/* End PBXBuildFile section */

/* Begin PBXContainerItemProxy section */
		FA0FFD6B2479B56100C58CFE /* PBXContainerItemProxy */ = {
			isa = PBXContainerItemProxy;
			containerPortal = FA0FFD4C2479B55F00C58CFE /* Project object */;
			proxyType = 1;
			remoteGlobalIDString = FA0FFD532479B55F00C58CFE;
			remoteInfo = NightwavePlaza;
		};
/* End PBXContainerItemProxy section */

/* Begin PBXFileReference section */
		1B6A38021F3A76E454BC6BE6 /* Pods-NightwavePlaza.debug.xcconfig */ = {isa = PBXFileReference; includeInIndex = 1; lastKnownFileType = text.xcconfig; name = "Pods-NightwavePlaza.debug.xcconfig"; path = "Target Support Files/Pods-NightwavePlaza/Pods-NightwavePlaza.debug.xcconfig"; sourceTree = "<group>"; };
		1EB634F9D2EB6896592659A6 /* Pods-NightwavePlaza.release.xcconfig */ = {isa = PBXFileReference; includeInIndex = 1; lastKnownFileType = text.xcconfig; name = "Pods-NightwavePlaza.release.xcconfig"; path = "Target Support Files/Pods-NightwavePlaza/Pods-NightwavePlaza.release.xcconfig"; sourceTree = "<group>"; };
		308151CC824A698EFD427DE8 /* Pods-NightwavePlazaTests.release.xcconfig */ = {isa = PBXFileReference; includeInIndex = 1; lastKnownFileType = text.xcconfig; name = "Pods-NightwavePlazaTests.release.xcconfig"; path = "Target Support Files/Pods-NightwavePlazaTests/Pods-NightwavePlazaTests.release.xcconfig"; sourceTree = "<group>"; };
		4221990D687A9AC1A612E781 /* Pods_NightwavePlaza.framework */ = {isa = PBXFileReference; explicitFileType = wrapper.framework; includeInIndex = 0; path = Pods_NightwavePlaza.framework; sourceTree = BUILT_PRODUCTS_DIR; };
		9043FCADF85B8DB664F713DF /* RequestToGetStatus.response.json */ = {isa = PBXFileReference; includeInIndex = 1; lastKnownFileType = text.json; path = RequestToGetStatus.response.json; sourceTree = "<group>"; };
		A51012A0A3FBB1E50EB8492A /* Pods_NightwavePlazaTests.framework */ = {isa = PBXFileReference; explicitFileType = wrapper.framework; includeInIndex = 0; path = Pods_NightwavePlazaTests.framework; sourceTree = BUILT_PRODUCTS_DIR; };
		B95CDEDCCCFCE1314198CB8F /* Pods-NightwavePlazaTests.debug.xcconfig */ = {isa = PBXFileReference; includeInIndex = 1; lastKnownFileType = text.xcconfig; name = "Pods-NightwavePlazaTests.debug.xcconfig"; path = "Target Support Files/Pods-NightwavePlazaTests/Pods-NightwavePlazaTests.debug.xcconfig"; sourceTree = "<group>"; };
		FA0605CF250E463D001C3C46 /* LastFmService.swift */ = {isa = PBXFileReference; lastKnownFileType = sourcecode.swift; path = LastFmService.swift; sourceTree = "<group>"; };
		FA0FFD542479B55F00C58CFE /* Nightwave Plaza.app */ = {isa = PBXFileReference; explicitFileType = wrapper.application; includeInIndex = 0; path = "Nightwave Plaza.app"; sourceTree = BUILT_PRODUCTS_DIR; };
		FA0FFD572479B55F00C58CFE /* AppDelegate.swift */ = {isa = PBXFileReference; lastKnownFileType = sourcecode.swift; path = AppDelegate.swift; sourceTree = "<group>"; };
		FA0FFD5B2479B55F00C58CFE /* MainViewController.swift */ = {isa = PBXFileReference; lastKnownFileType = sourcecode.swift; path = MainViewController.swift; sourceTree = "<group>"; };
		FA0FFD5E2479B55F00C58CFE /* Base */ = {isa = PBXFileReference; lastKnownFileType = file.storyboard; name = Base; path = Base.lproj/Main.storyboard; sourceTree = "<group>"; };
		FA0FFD602479B56100C58CFE /* Assets.xcassets */ = {isa = PBXFileReference; lastKnownFileType = folder.assetcatalog; path = Assets.xcassets; sourceTree = "<group>"; };
		FA0FFD632479B56100C58CFE /* Base */ = {isa = PBXFileReference; lastKnownFileType = file.storyboard; name = Base; path = Base.lproj/LaunchScreen.storyboard; sourceTree = "<group>"; };
		FA0FFD652479B56100C58CFE /* Info.plist */ = {isa = PBXFileReference; lastKnownFileType = text.plist.xml; path = Info.plist; sourceTree = "<group>"; };
		FA0FFD6A2479B56100C58CFE /* NightwavePlazaTests.xctest */ = {isa = PBXFileReference; explicitFileType = wrapper.cfbundle; includeInIndex = 0; path = NightwavePlazaTests.xctest; sourceTree = BUILT_PRODUCTS_DIR; };
		FA0FFD6E2479B56100C58CFE /* NightwavePlazaTests.swift */ = {isa = PBXFileReference; lastKnownFileType = sourcecode.swift; path = NightwavePlazaTests.swift; sourceTree = "<group>"; };
		FA0FFD702479B56100C58CFE /* Info.plist */ = {isa = PBXFileReference; lastKnownFileType = text.plist.xml; path = Info.plist; sourceTree = "<group>"; };
		FA22BD642518033400D204D5 /* ObservableWithPrevious.swift */ = {isa = PBXFileReference; lastKnownFileType = sourcecode.swift; path = ObservableWithPrevious.swift; sourceTree = "<group>"; };
		FA22BD672518089000D204D5 /* RequestToScrobble.swift */ = {isa = PBXFileReference; lastKnownFileType = sourcecode.swift; path = RequestToScrobble.swift; sourceTree = "<group>"; };
		FA22BD692518089C00D204D5 /* RequestToNowPlaying.swift */ = {isa = PBXFileReference; lastKnownFileType = sourcecode.swift; path = RequestToNowPlaying.swift; sourceTree = "<group>"; };
		FA2D1DAB24E8873F00EE0556 /* WebBridgeService.swift */ = {isa = PBXFileReference; lastKnownFileType = sourcecode.swift; path = WebBridgeService.swift; sourceTree = "<group>"; };
		FA7069BA247A69D700AFBD61 /* gena.plist */ = {isa = PBXFileReference; lastKnownFileType = text.plist; path = gena.plist; sourceTree = SOURCE_ROOT; };
		FA7069BC247A6A0C00AFBD61 /* RequestToGetStatus.swift */ = {isa = PBXFileReference; lastKnownFileType = sourcecode.swift; path = RequestToGetStatus.swift; sourceTree = "<group>"; };
		FA7069BE247A6ABB00AFBD61 /* NightwavePlaza-Bridging-Header.h */ = {isa = PBXFileReference; lastKnownFileType = sourcecode.c.h; path = "NightwavePlaza-Bridging-Header.h"; sourceTree = "<group>"; };
		FA7069C4247A6E8600AFBD61 /* RestClient.swift */ = {isa = PBXFileReference; lastKnownFileType = sourcecode.swift; path = RestClient.swift; sourceTree = "<group>"; };
		FA7069C7247A6FD900AFBD61 /* Status.swift */ = {isa = PBXFileReference; lastKnownFileType = sourcecode.swift; path = Status.swift; sourceTree = "<group>"; };
		FA75265525052E8B00C649BC /* BackgroundCacheManager.swift */ = {isa = PBXFileReference; lastKnownFileType = sourcecode.swift; path = BackgroundCacheManager.swift; sourceTree = "<group>"; };
		FA75265825052ECB00C649BC /* RequestToDownloadFile.swift */ = {isa = PBXFileReference; lastKnownFileType = sourcecode.swift; path = RequestToDownloadFile.swift; sourceTree = "<group>"; };
		FA75265A25055C6000C649BC /* SleepTimerService.swift */ = {isa = PBXFileReference; lastKnownFileType = sourcecode.swift; path = SleepTimerService.swift; sourceTree = "<group>"; };
		FA75265D25056D4800C649BC /* EasyTipView.swift */ = {isa = PBXFileReference; fileEncoding = 4; lastKnownFileType = sourcecode.swift; path = EasyTipView.swift; sourceTree = "<group>"; };
		FA75265E25056D4800C649BC /* UIKitExtensions.swift */ = {isa = PBXFileReference; fileEncoding = 4; lastKnownFileType = sourcecode.swift; path = UIKitExtensions.swift; sourceTree = "<group>"; };
		FA9A397C24D6C3CD00E6EF38 /* WebMessageBusService.swift */ = {isa = PBXFileReference; lastKnownFileType = sourcecode.swift; path = WebMessageBusService.swift; sourceTree = "<group>"; };
		FAB2E1732504F7620026C008 /* StartMenuHandler.swift */ = {isa = PBXFileReference; lastKnownFileType = sourcecode.swift; path = StartMenuHandler.swift; sourceTree = "<group>"; };
		FAB2E1752504F8840026C008 /* StartMenuItem.swift */ = {isa = PBXFileReference; lastKnownFileType = sourcecode.swift; path = StartMenuItem.swift; sourceTree = "<group>"; };
		FAB2E1772504F8920026C008 /* StartMenuView.swift */ = {isa = PBXFileReference; lastKnownFileType = sourcecode.swift; path = StartMenuView.swift; sourceTree = "<group>"; };
		FAB2E17C2504FDC80026C008 /* UIColor+hex.swift */ = {isa = PBXFileReference; fileEncoding = 4; lastKnownFileType = sourcecode.swift; path = "UIColor+hex.swift"; sourceTree = "<group>"; };
		FAB2E17E25050B8C0026C008 /* StartMenuHeaderView.swift */ = {isa = PBXFileReference; lastKnownFileType = sourcecode.swift; path = StartMenuHeaderView.swift; sourceTree = "<group>"; };
		FAB2E180250514650026C008 /* AuthStorage.swift */ = {isa = PBXFileReference; lastKnownFileType = sourcecode.swift; path = AuthStorage.swift; sourceTree = "<group>"; };
		FAC43AA124D6AB300073341F /* Web.storyboard */ = {isa = PBXFileReference; lastKnownFileType = file.storyboard; path = Web.storyboard; sourceTree = "<group>"; };
		FAC43AA324D6AB520073341F /* WebViewController.swift */ = {isa = PBXFileReference; lastKnownFileType = sourcecode.swift; path = WebViewController.swift; sourceTree = "<group>"; };
		FAC43AA524D6AD940073341F /* web */ = {isa = PBXFileReference; lastKnownFileType = folder; path = web; sourceTree = "<group>"; };
		FACEC4B724E852AB00265659 /* WebMessage.swift */ = {isa = PBXFileReference; lastKnownFileType = sourcecode.swift; path = WebMessage.swift; sourceTree = "<group>"; };
		FAE41EFA247A85E40076D927 /* StatusService.swift */ = {isa = PBXFileReference; lastKnownFileType = sourcecode.swift; path = StatusService.swift; sourceTree = "<group>"; };
		FAE41EFC247A8B7C0076D927 /* RequestToGetImage.swift */ = {isa = PBXFileReference; lastKnownFileType = sourcecode.swift; path = RequestToGetImage.swift; sourceTree = "<group>"; };
		FAE41EFE247AA47B0076D927 /* MetadataService.swift */ = {isa = PBXFileReference; lastKnownFileType = sourcecode.swift; path = MetadataService.swift; sourceTree = "<group>"; };
		FAE41F00247AA4A10076D927 /* PlaybackService.swift */ = {isa = PBXFileReference; lastKnownFileType = sourcecode.swift; path = PlaybackService.swift; sourceTree = "<group>"; };
		FAE41F02247ABD860076D927 /* UpdateScheduler.swift */ = {isa = PBXFileReference; lastKnownFileType = sourcecode.swift; path = UpdateScheduler.swift; sourceTree = "<group>"; };
		FAE41F04247ACFA90076D927 /* BackgroundView.swift */ = {isa = PBXFileReference; lastKnownFileType = sourcecode.swift; path = BackgroundView.swift; sourceTree = "<group>"; };
		FAE41F07247ADA570076D927 /* RequestToGetBackgrounds.swift */ = {isa = PBXFileReference; lastKnownFileType = sourcecode.swift; path = RequestToGetBackgrounds.swift; sourceTree = "<group>"; };
/* End PBXFileReference section */

/* Begin PBXFrameworksBuildPhase section */
		FA0FFD512479B55F00C58CFE /* Frameworks */ = {
			isa = PBXFrameworksBuildPhase;
			buildActionMask = 2147483647;
			files = (
				BEB913665039D0E3E6C53ECA /* Pods_NightwavePlaza.framework in Frameworks */,
			);
			runOnlyForDeploymentPostprocessing = 0;
		};
		FA0FFD672479B56100C58CFE /* Frameworks */ = {
			isa = PBXFrameworksBuildPhase;
			buildActionMask = 2147483647;
			files = (
				1423C062E6237B5ECBCD415F /* Pods_NightwavePlazaTests.framework in Frameworks */,
			);
			runOnlyForDeploymentPostprocessing = 0;
		};
/* End PBXFrameworksBuildPhase section */

/* Begin PBXGroup section */
		12F7C5018E8EBF2B42FDF688 /* Pods */ = {
			isa = PBXGroup;
			children = (
				1B6A38021F3A76E454BC6BE6 /* Pods-NightwavePlaza.debug.xcconfig */,
				1EB634F9D2EB6896592659A6 /* Pods-NightwavePlaza.release.xcconfig */,
				B95CDEDCCCFCE1314198CB8F /* Pods-NightwavePlazaTests.debug.xcconfig */,
				308151CC824A698EFD427DE8 /* Pods-NightwavePlazaTests.release.xcconfig */,
			);
			path = Pods;
			sourceTree = "<group>";
		};
		41BB05B60EB7A4E7A1B6E2B9 /* GetStatus */ = {
			isa = PBXGroup;
			children = (
				FA7069BC247A6A0C00AFBD61 /* RequestToGetStatus.swift */,
				9043FCADF85B8DB664F713DF /* RequestToGetStatus.response.json */,
			);
			path = GetStatus;
			sourceTree = "<group>";
		};
		58F8DA43B83A45D4EE2EE5E3 /* Frameworks */ = {
			isa = PBXGroup;
			children = (
				4221990D687A9AC1A612E781 /* Pods_NightwavePlaza.framework */,
				A51012A0A3FBB1E50EB8492A /* Pods_NightwavePlazaTests.framework */,
			);
			name = Frameworks;
			sourceTree = "<group>";
		};
		5D54ECC8A2676C6166ED0D43 /* Requests */ = {
			isa = PBXGroup;
			children = (
				FA22BD662518087B00D204D5 /* LastFm */,
				FA75265725052EC000C649BC /* Download File */,
				FAE41F06247ADA440076D927 /* GetBackgrounds */,
				41BB05B60EB7A4E7A1B6E2B9 /* GetStatus */,
				6B5E558DAB7568F6698AB50C /* GetImage */,
			);
			path = Requests;
			sourceTree = "<group>";
		};
		6B5E558DAB7568F6698AB50C /* GetImage */ = {
			isa = PBXGroup;
			children = (
				FAE41EFC247A8B7C0076D927 /* RequestToGetImage.swift */,
			);
			path = GetImage;
			sourceTree = "<group>";
		};
		B2348EC994803B27A77EBFB5 /* Network */ = {
			isa = PBXGroup;
			children = (
				FA7069C6247A6FC500AFBD61 /* Models */,
				FA7069C3247A6AEA00AFBD61 /* Client */,
				5D54ECC8A2676C6166ED0D43 /* Requests */,
				FA7069BE247A6ABB00AFBD61 /* NightwavePlaza-Bridging-Header.h */,
			);
			path = Network;
			sourceTree = "<group>";
		};
		FA0FFD4B2479B55F00C58CFE = {
			isa = PBXGroup;
			children = (
				FAC43AA524D6AD940073341F /* web */,
				FA0FFD562479B55F00C58CFE /* NightwavePlaza */,
				FA0FFD6D2479B56100C58CFE /* NightwavePlazaTests */,
				FA0FFD552479B55F00C58CFE /* Products */,
				12F7C5018E8EBF2B42FDF688 /* Pods */,
				58F8DA43B83A45D4EE2EE5E3 /* Frameworks */,
			);
			sourceTree = "<group>";
		};
		FA0FFD552479B55F00C58CFE /* Products */ = {
			isa = PBXGroup;
			children = (
				FA0FFD542479B55F00C58CFE /* Nightwave Plaza.app */,
				FA0FFD6A2479B56100C58CFE /* NightwavePlazaTests.xctest */,
			);
			name = Products;
			sourceTree = "<group>";
		};
		FA0FFD562479B55F00C58CFE /* NightwavePlaza */ = {
			isa = PBXGroup;
			children = (
				FA75265C25056D4800C649BC /* Tooltip */,
				FAB2E1792504FDAF0026C008 /* Utils */,
				FAB2E1722504F74F0026C008 /* Start Menu */,
				FAE41EF8247A85B90076D927 /* Services */,
				FA0FFD572479B55F00C58CFE /* AppDelegate.swift */,
				FA0FFD5B2479B55F00C58CFE /* MainViewController.swift */,
				FAE41F04247ACFA90076D927 /* BackgroundView.swift */,
				FA0FFD5D2479B55F00C58CFE /* Main.storyboard */,
				FA0FFD602479B56100C58CFE /* Assets.xcassets */,
				FA0FFD622479B56100C58CFE /* LaunchScreen.storyboard */,
				FAC43AA324D6AB520073341F /* WebViewController.swift */,
				FAC43AA124D6AB300073341F /* Web.storyboard */,
				FA0FFD652479B56100C58CFE /* Info.plist */,
				FA7069BA247A69D700AFBD61 /* gena.plist */,
				B2348EC994803B27A77EBFB5 /* Network */,
			);
			path = NightwavePlaza;
			sourceTree = "<group>";
		};
		FA0FFD6D2479B56100C58CFE /* NightwavePlazaTests */ = {
			isa = PBXGroup;
			children = (
				FA0FFD6E2479B56100C58CFE /* NightwavePlazaTests.swift */,
				FA0FFD702479B56100C58CFE /* Info.plist */,
			);
			path = NightwavePlazaTests;
			sourceTree = "<group>";
		};
		FA22BD662518087B00D204D5 /* LastFm */ = {
			isa = PBXGroup;
			children = (
				FA22BD672518089000D204D5 /* RequestToScrobble.swift */,
				FA22BD692518089C00D204D5 /* RequestToNowPlaying.swift */,
			);
			path = LastFm;
			sourceTree = "<group>";
		};
		FA7069C3247A6AEA00AFBD61 /* Client */ = {
			isa = PBXGroup;
			children = (
				FA7069C4247A6E8600AFBD61 /* RestClient.swift */,
			);
			path = Client;
			sourceTree = "<group>";
		};
		FA7069C6247A6FC500AFBD61 /* Models */ = {
			isa = PBXGroup;
			children = (
				FA7069C7247A6FD900AFBD61 /* Status.swift */,
				FACEC4B724E852AB00265659 /* WebMessage.swift */,
			);
			path = Models;
			sourceTree = "<group>";
		};
		FA75265725052EC000C649BC /* Download File */ = {
			isa = PBXGroup;
			children = (
				FA75265825052ECB00C649BC /* RequestToDownloadFile.swift */,
			);
			path = "Download File";
			sourceTree = "<group>";
		};
		FA75265C25056D4800C649BC /* Tooltip */ = {
			isa = PBXGroup;
			children = (
				FA75265D25056D4800C649BC /* EasyTipView.swift */,
				FA75265E25056D4800C649BC /* UIKitExtensions.swift */,
			);
			path = Tooltip;
			sourceTree = "<group>";
		};
		FAB2E1722504F74F0026C008 /* Start Menu */ = {
			isa = PBXGroup;
			children = (
				FAB2E1732504F7620026C008 /* StartMenuHandler.swift */,
				FAB2E1752504F8840026C008 /* StartMenuItem.swift */,
				FAB2E1772504F8920026C008 /* StartMenuView.swift */,
				FAB2E17E25050B8C0026C008 /* StartMenuHeaderView.swift */,
			);
			path = "Start Menu";
			sourceTree = "<group>";
		};
		FAB2E1792504FDAF0026C008 /* Utils */ = {
			isa = PBXGroup;
			children = (
				FAB2E17C2504FDC80026C008 /* UIColor+hex.swift */,
				FA22BD642518033400D204D5 /* ObservableWithPrevious.swift */,
			);
			path = Utils;
			sourceTree = "<group>";
		};
		FAE41EF8247A85B90076D927 /* Services */ = {
			isa = PBXGroup;
			children = (
				FAE41EF9247A85C60076D927 /* StatusService */,
				FAE41EFE247AA47B0076D927 /* MetadataService.swift */,
				FAE41F00247AA4A10076D927 /* PlaybackService.swift */,
				FA9A397C24D6C3CD00E6EF38 /* WebMessageBusService.swift */,
				FA2D1DAB24E8873F00EE0556 /* WebBridgeService.swift */,
				FAB2E180250514650026C008 /* AuthStorage.swift */,
				FA75265525052E8B00C649BC /* BackgroundCacheManager.swift */,
				FA75265A25055C6000C649BC /* SleepTimerService.swift */,
				FA0605CF250E463D001C3C46 /* LastFmService.swift */,
			);
			path = Services;
			sourceTree = "<group>";
		};
		FAE41EF9247A85C60076D927 /* StatusService */ = {
			isa = PBXGroup;
			children = (
				FAE41EFA247A85E40076D927 /* StatusService.swift */,
				FAE41F02247ABD860076D927 /* UpdateScheduler.swift */,
			);
			path = StatusService;
			sourceTree = "<group>";
		};
		FAE41F06247ADA440076D927 /* GetBackgrounds */ = {
			isa = PBXGroup;
			children = (
				FAE41F07247ADA570076D927 /* RequestToGetBackgrounds.swift */,
			);
			path = GetBackgrounds;
			sourceTree = "<group>";
		};
/* End PBXGroup section */

/* Begin PBXHeadersBuildPhase section */
		F43FEBE5E46363347EC38A4E /* Headers */ = {
			isa = PBXHeadersBuildPhase;
			buildActionMask = 2147483647;
			files = (
			);
			runOnlyForDeploymentPostprocessing = 0;
		};
/* End PBXHeadersBuildPhase section */

/* Begin PBXNativeTarget section */
		FA0FFD532479B55F00C58CFE /* NightwavePlaza */ = {
			isa = PBXNativeTarget;
			buildConfigurationList = FA0FFD732479B56100C58CFE /* Build configuration list for PBXNativeTarget "NightwavePlaza" */;
			buildPhases = (
				3E1C49673F120BA35AA2341E /* [CP] Check Pods Manifest.lock */,
				FA0FFD502479B55F00C58CFE /* Sources */,
				FA0FFD512479B55F00C58CFE /* Frameworks */,
				FA0FFD522479B55F00C58CFE /* Resources */,
				5DF1DDDAB75F1528AE92CC31 /* [CP] Embed Pods Frameworks */,
				F43FEBE5E46363347EC38A4E /* Headers */,
			);
			buildRules = (
			);
			dependencies = (
			);
			name = NightwavePlaza;
			productName = NightwavePlaza;
			productReference = FA0FFD542479B55F00C58CFE /* Nightwave Plaza.app */;
			productType = "com.apple.product-type.application";
		};
		FA0FFD692479B56100C58CFE /* NightwavePlazaTests */ = {
			isa = PBXNativeTarget;
			buildConfigurationList = FA0FFD762479B56100C58CFE /* Build configuration list for PBXNativeTarget "NightwavePlazaTests" */;
			buildPhases = (
				C27BDAEAD401A3974FD21C5E /* [CP] Check Pods Manifest.lock */,
				FA0FFD662479B56100C58CFE /* Sources */,
				FA0FFD672479B56100C58CFE /* Frameworks */,
				FA0FFD682479B56100C58CFE /* Resources */,
			);
			buildRules = (
			);
			dependencies = (
				FA0FFD6C2479B56100C58CFE /* PBXTargetDependency */,
			);
			name = NightwavePlazaTests;
			productName = NightwavePlazaTests;
			productReference = FA0FFD6A2479B56100C58CFE /* NightwavePlazaTests.xctest */;
			productType = "com.apple.product-type.bundle.unit-test";
		};
/* End PBXNativeTarget section */

/* Begin PBXProject section */
		FA0FFD4C2479B55F00C58CFE /* Project object */ = {
			isa = PBXProject;
			attributes = {
				LastSwiftUpdateCheck = 1140;
				LastUpgradeCheck = 1140;
				ORGANIZATIONNAME = "Aleksey Garbarev";
				TargetAttributes = {
					FA0FFD532479B55F00C58CFE = {
						CreatedOnToolsVersion = 11.4.1;
						LastSwiftMigration = 1150;
					};
					FA0FFD692479B56100C58CFE = {
						CreatedOnToolsVersion = 11.4.1;
						TestTargetID = FA0FFD532479B55F00C58CFE;
					};
				};
			};
			buildConfigurationList = FA0FFD4F2479B55F00C58CFE /* Build configuration list for PBXProject "NightwavePlaza" */;
			compatibilityVersion = "Xcode 9.3";
			developmentRegion = en;
			hasScannedForEncodings = 0;
			knownRegions = (
				en,
				Base,
			);
			mainGroup = FA0FFD4B2479B55F00C58CFE;
			productRefGroup = FA0FFD552479B55F00C58CFE /* Products */;
			projectDirPath = "";
			projectRoot = "";
			targets = (
				FA0FFD532479B55F00C58CFE /* NightwavePlaza */,
				FA0FFD692479B56100C58CFE /* NightwavePlazaTests */,
			);
		};
/* End PBXProject section */

/* Begin PBXResourcesBuildPhase section */
		FA0FFD522479B55F00C58CFE /* Resources */ = {
			isa = PBXResourcesBuildPhase;
			buildActionMask = 2147483647;
			files = (
				FA0FFD642479B56100C58CFE /* LaunchScreen.storyboard in Resources */,
				FA0FFD612479B56100C58CFE /* Assets.xcassets in Resources */,
				FAC43AA224D6AB300073341F /* Web.storyboard in Resources */,
				FAC43AA624D6AD940073341F /* web in Resources */,
				FA7069BB247A69D700AFBD61 /* gena.plist in Resources */,
				FA0FFD5F2479B55F00C58CFE /* Main.storyboard in Resources */,
				933DA3AF9F6C2A968A6B5170 /* RequestToGetStatus.response.json in Resources */,
			);
			runOnlyForDeploymentPostprocessing = 0;
		};
		FA0FFD682479B56100C58CFE /* Resources */ = {
			isa = PBXResourcesBuildPhase;
			buildActionMask = 2147483647;
			files = (
			);
			runOnlyForDeploymentPostprocessing = 0;
		};
/* End PBXResourcesBuildPhase section */

/* Begin PBXShellScriptBuildPhase section */
		3E1C49673F120BA35AA2341E /* [CP] Check Pods Manifest.lock */ = {
			isa = PBXShellScriptBuildPhase;
			buildActionMask = 2147483647;
			files = (
			);
			inputFileListPaths = (
			);
			inputPaths = (
				"${PODS_PODFILE_DIR_PATH}/Podfile.lock",
				"${PODS_ROOT}/Manifest.lock",
			);
			name = "[CP] Check Pods Manifest.lock";
			outputFileListPaths = (
			);
			outputPaths = (
				"$(DERIVED_FILE_DIR)/Pods-NightwavePlaza-checkManifestLockResult.txt",
			);
			runOnlyForDeploymentPostprocessing = 0;
			shellPath = /bin/sh;
			shellScript = "diff \"${PODS_PODFILE_DIR_PATH}/Podfile.lock\" \"${PODS_ROOT}/Manifest.lock\" > /dev/null\nif [ $? != 0 ] ; then\n    # print error to STDERR\n    echo \"error: The sandbox is not in sync with the Podfile.lock. Run 'pod install' or update your CocoaPods installation.\" >&2\n    exit 1\nfi\n# This output is used by Xcode 'outputs' to avoid re-running this script phase.\necho \"SUCCESS\" > \"${SCRIPT_OUTPUT_FILE_0}\"\n";
			showEnvVarsInLog = 0;
		};
		5DF1DDDAB75F1528AE92CC31 /* [CP] Embed Pods Frameworks */ = {
			isa = PBXShellScriptBuildPhase;
			buildActionMask = 2147483647;
			files = (
			);
			inputFileListPaths = (
				"${PODS_ROOT}/Target Support Files/Pods-NightwavePlaza/Pods-NightwavePlaza-frameworks-${CONFIGURATION}-input-files.xcfilelist",
			);
			name = "[CP] Embed Pods Frameworks";
			outputFileListPaths = (
				"${PODS_ROOT}/Target Support Files/Pods-NightwavePlaza/Pods-NightwavePlaza-frameworks-${CONFIGURATION}-output-files.xcfilelist",
			);
			runOnlyForDeploymentPostprocessing = 0;
			shellPath = /bin/sh;
			shellScript = "\"${PODS_ROOT}/Target Support Files/Pods-NightwavePlaza/Pods-NightwavePlaza-frameworks.sh\"\n";
			showEnvVarsInLog = 0;
		};
		C27BDAEAD401A3974FD21C5E /* [CP] Check Pods Manifest.lock */ = {
			isa = PBXShellScriptBuildPhase;
			buildActionMask = 2147483647;
			files = (
			);
			inputFileListPaths = (
			);
			inputPaths = (
				"${PODS_PODFILE_DIR_PATH}/Podfile.lock",
				"${PODS_ROOT}/Manifest.lock",
			);
			name = "[CP] Check Pods Manifest.lock";
			outputFileListPaths = (
			);
			outputPaths = (
				"$(DERIVED_FILE_DIR)/Pods-NightwavePlazaTests-checkManifestLockResult.txt",
			);
			runOnlyForDeploymentPostprocessing = 0;
			shellPath = /bin/sh;
			shellScript = "diff \"${PODS_PODFILE_DIR_PATH}/Podfile.lock\" \"${PODS_ROOT}/Manifest.lock\" > /dev/null\nif [ $? != 0 ] ; then\n    # print error to STDERR\n    echo \"error: The sandbox is not in sync with the Podfile.lock. Run 'pod install' or update your CocoaPods installation.\" >&2\n    exit 1\nfi\n# This output is used by Xcode 'outputs' to avoid re-running this script phase.\necho \"SUCCESS\" > \"${SCRIPT_OUTPUT_FILE_0}\"\n";
			showEnvVarsInLog = 0;
		};
/* End PBXShellScriptBuildPhase section */

/* Begin PBXSourcesBuildPhase section */
		FA0FFD502479B55F00C58CFE /* Sources */ = {
			isa = PBXSourcesBuildPhase;
			buildActionMask = 2147483647;
			files = (
				FAE41F03247ABD860076D927 /* UpdateScheduler.swift in Sources */,
				FA7069C5247A6E8600AFBD61 /* RestClient.swift in Sources */,
				FAE41F05247ACFA90076D927 /* BackgroundView.swift in Sources */,
				FA75265625052E8B00C649BC /* BackgroundCacheManager.swift in Sources */,
				FA9A397D24D6C3CD00E6EF38 /* WebMessageBusService.swift in Sources */,
				FAB2E1742504F7620026C008 /* StartMenuHandler.swift in Sources */,
				FAE41F08247ADA570076D927 /* RequestToGetBackgrounds.swift in Sources */,
				FA22BD652518033400D204D5 /* ObservableWithPrevious.swift in Sources */,
				FAE41EFD247A8B7C0076D927 /* RequestToGetImage.swift in Sources */,
				FAB2E181250514650026C008 /* AuthStorage.swift in Sources */,
				FAE41EFF247AA47B0076D927 /* MetadataService.swift in Sources */,
				FA75265925052ECB00C649BC /* RequestToDownloadFile.swift in Sources */,
				FAB2E1762504F8840026C008 /* StartMenuItem.swift in Sources */,
				FAE41F01247AA4A10076D927 /* PlaybackService.swift in Sources */,
				FA22BD682518089000D204D5 /* RequestToScrobble.swift in Sources */,
				FAB2E17F25050B8C0026C008 /* StartMenuHeaderView.swift in Sources */,
				FA7069C8247A6FD900AFBD61 /* Status.swift in Sources */,
				FA0FFD5C2479B55F00C58CFE /* MainViewController.swift in Sources */,
				FA0FFD582479B55F00C58CFE /* AppDelegate.swift in Sources */,
				FAB2E1782504F8920026C008 /* StartMenuView.swift in Sources */,
				FA75265B25055C6000C649BC /* SleepTimerService.swift in Sources */,
				FA22BD6A2518089C00D204D5 /* RequestToNowPlaying.swift in Sources */,
				FACEC4B824E852AB00265659 /* WebMessage.swift in Sources */,
				FA75266025056D4800C649BC /* UIKitExtensions.swift in Sources */,
				FA7069BD247A6A0C00AFBD61 /* RequestToGetStatus.swift in Sources */,
				FA0605D0250E463D001C3C46 /* LastFmService.swift in Sources */,
				FA2D1DAC24E8873F00EE0556 /* WebBridgeService.swift in Sources */,
				FAB2E17D2504FDC80026C008 /* UIColor+hex.swift in Sources */,
				FAC43AA424D6AB520073341F /* WebViewController.swift in Sources */,
				FA75265F25056D4800C649BC /* EasyTipView.swift in Sources */,
				FAE41EFB247A85E40076D927 /* StatusService.swift in Sources */,
			);
			runOnlyForDeploymentPostprocessing = 0;
		};
		FA0FFD662479B56100C58CFE /* Sources */ = {
			isa = PBXSourcesBuildPhase;
			buildActionMask = 2147483647;
			files = (
				FA0FFD6F2479B56100C58CFE /* NightwavePlazaTests.swift in Sources */,
			);
			runOnlyForDeploymentPostprocessing = 0;
		};
/* End PBXSourcesBuildPhase section */

/* Begin PBXTargetDependency section */
		FA0FFD6C2479B56100C58CFE /* PBXTargetDependency */ = {
			isa = PBXTargetDependency;
			target = FA0FFD532479B55F00C58CFE /* NightwavePlaza */;
			targetProxy = FA0FFD6B2479B56100C58CFE /* PBXContainerItemProxy */;
		};
/* End PBXTargetDependency section */

/* Begin PBXVariantGroup section */
		FA0FFD5D2479B55F00C58CFE /* Main.storyboard */ = {
			isa = PBXVariantGroup;
			children = (
				FA0FFD5E2479B55F00C58CFE /* Base */,
			);
			name = Main.storyboard;
			sourceTree = "<group>";
		};
		FA0FFD622479B56100C58CFE /* LaunchScreen.storyboard */ = {
			isa = PBXVariantGroup;
			children = (
				FA0FFD632479B56100C58CFE /* Base */,
			);
			name = LaunchScreen.storyboard;
			sourceTree = "<group>";
		};
/* End PBXVariantGroup section */

/* Begin XCBuildConfiguration section */
		FA0FFD712479B56100C58CFE /* Debug */ = {
			isa = XCBuildConfiguration;
			buildSettings = {
				ALWAYS_SEARCH_USER_PATHS = NO;
				CLANG_ANALYZER_NONNULL = YES;
				CLANG_ANALYZER_NUMBER_OBJECT_CONVERSION = YES_AGGRESSIVE;
				CLANG_CXX_LANGUAGE_STANDARD = "gnu++14";
				CLANG_CXX_LIBRARY = "libc++";
				CLANG_ENABLE_MODULES = YES;
				CLANG_ENABLE_OBJC_ARC = YES;
				CLANG_ENABLE_OBJC_WEAK = YES;
				CLANG_WARN_BLOCK_CAPTURE_AUTORELEASING = YES;
				CLANG_WARN_BOOL_CONVERSION = YES;
				CLANG_WARN_COMMA = YES;
				CLANG_WARN_CONSTANT_CONVERSION = YES;
				CLANG_WARN_DEPRECATED_OBJC_IMPLEMENTATIONS = YES;
				CLANG_WARN_DIRECT_OBJC_ISA_USAGE = YES_ERROR;
				CLANG_WARN_DOCUMENTATION_COMMENTS = YES;
				CLANG_WARN_EMPTY_BODY = YES;
				CLANG_WARN_ENUM_CONVERSION = YES;
				CLANG_WARN_INFINITE_RECURSION = YES;
				CLANG_WARN_INT_CONVERSION = YES;
				CLANG_WARN_NON_LITERAL_NULL_CONVERSION = YES;
				CLANG_WARN_OBJC_IMPLICIT_RETAIN_SELF = YES;
				CLANG_WARN_OBJC_LITERAL_CONVERSION = YES;
				CLANG_WARN_OBJC_ROOT_CLASS = YES_ERROR;
				CLANG_WARN_RANGE_LOOP_ANALYSIS = YES;
				CLANG_WARN_STRICT_PROTOTYPES = YES;
				CLANG_WARN_SUSPICIOUS_MOVE = YES;
				CLANG_WARN_UNGUARDED_AVAILABILITY = YES_AGGRESSIVE;
				CLANG_WARN_UNREACHABLE_CODE = YES;
				CLANG_WARN__DUPLICATE_METHOD_MATCH = YES;
				COPY_PHASE_STRIP = NO;
				DEBUG_INFORMATION_FORMAT = dwarf;
				ENABLE_STRICT_OBJC_MSGSEND = YES;
				ENABLE_TESTABILITY = YES;
				GCC_C_LANGUAGE_STANDARD = gnu11;
				GCC_DYNAMIC_NO_PIC = NO;
				GCC_NO_COMMON_BLOCKS = YES;
				GCC_OPTIMIZATION_LEVEL = 0;
				GCC_PREPROCESSOR_DEFINITIONS = (
					"DEBUG=1",
					"$(inherited)",
				);
				GCC_WARN_64_TO_32_BIT_CONVERSION = YES;
				GCC_WARN_ABOUT_RETURN_TYPE = YES_ERROR;
				GCC_WARN_UNDECLARED_SELECTOR = YES;
				GCC_WARN_UNINITIALIZED_AUTOS = YES_AGGRESSIVE;
				GCC_WARN_UNUSED_FUNCTION = YES;
				GCC_WARN_UNUSED_VARIABLE = YES;
				IPHONEOS_DEPLOYMENT_TARGET = 13.4;
				MTL_ENABLE_DEBUG_INFO = INCLUDE_SOURCE;
				MTL_FAST_MATH = YES;
				ONLY_ACTIVE_ARCH = YES;
				SDKROOT = iphoneos;
				SWIFT_ACTIVE_COMPILATION_CONDITIONS = DEBUG;
				SWIFT_OPTIMIZATION_LEVEL = "-Onone";
			};
			name = Debug;
		};
		FA0FFD722479B56100C58CFE /* Release */ = {
			isa = XCBuildConfiguration;
			buildSettings = {
				ALWAYS_SEARCH_USER_PATHS = NO;
				CLANG_ANALYZER_NONNULL = YES;
				CLANG_ANALYZER_NUMBER_OBJECT_CONVERSION = YES_AGGRESSIVE;
				CLANG_CXX_LANGUAGE_STANDARD = "gnu++14";
				CLANG_CXX_LIBRARY = "libc++";
				CLANG_ENABLE_MODULES = YES;
				CLANG_ENABLE_OBJC_ARC = YES;
				CLANG_ENABLE_OBJC_WEAK = YES;
				CLANG_WARN_BLOCK_CAPTURE_AUTORELEASING = YES;
				CLANG_WARN_BOOL_CONVERSION = YES;
				CLANG_WARN_COMMA = YES;
				CLANG_WARN_CONSTANT_CONVERSION = YES;
				CLANG_WARN_DEPRECATED_OBJC_IMPLEMENTATIONS = YES;
				CLANG_WARN_DIRECT_OBJC_ISA_USAGE = YES_ERROR;
				CLANG_WARN_DOCUMENTATION_COMMENTS = YES;
				CLANG_WARN_EMPTY_BODY = YES;
				CLANG_WARN_ENUM_CONVERSION = YES;
				CLANG_WARN_INFINITE_RECURSION = YES;
				CLANG_WARN_INT_CONVERSION = YES;
				CLANG_WARN_NON_LITERAL_NULL_CONVERSION = YES;
				CLANG_WARN_OBJC_IMPLICIT_RETAIN_SELF = YES;
				CLANG_WARN_OBJC_LITERAL_CONVERSION = YES;
				CLANG_WARN_OBJC_ROOT_CLASS = YES_ERROR;
				CLANG_WARN_RANGE_LOOP_ANALYSIS = YES;
				CLANG_WARN_STRICT_PROTOTYPES = YES;
				CLANG_WARN_SUSPICIOUS_MOVE = YES;
				CLANG_WARN_UNGUARDED_AVAILABILITY = YES_AGGRESSIVE;
				CLANG_WARN_UNREACHABLE_CODE = YES;
				CLANG_WARN__DUPLICATE_METHOD_MATCH = YES;
				COPY_PHASE_STRIP = NO;
				DEBUG_INFORMATION_FORMAT = "dwarf-with-dsym";
				ENABLE_NS_ASSERTIONS = NO;
				ENABLE_STRICT_OBJC_MSGSEND = YES;
				GCC_C_LANGUAGE_STANDARD = gnu11;
				GCC_NO_COMMON_BLOCKS = YES;
				GCC_WARN_64_TO_32_BIT_CONVERSION = YES;
				GCC_WARN_ABOUT_RETURN_TYPE = YES_ERROR;
				GCC_WARN_UNDECLARED_SELECTOR = YES;
				GCC_WARN_UNINITIALIZED_AUTOS = YES_AGGRESSIVE;
				GCC_WARN_UNUSED_FUNCTION = YES;
				GCC_WARN_UNUSED_VARIABLE = YES;
				IPHONEOS_DEPLOYMENT_TARGET = 13.4;
				MTL_ENABLE_DEBUG_INFO = NO;
				MTL_FAST_MATH = YES;
				SDKROOT = iphoneos;
				SWIFT_COMPILATION_MODE = wholemodule;
				SWIFT_OPTIMIZATION_LEVEL = "-O";
				VALIDATE_PRODUCT = YES;
			};
			name = Release;
		};
		FA0FFD742479B56100C58CFE /* Debug */ = {
			isa = XCBuildConfiguration;
			baseConfigurationReference = 1B6A38021F3A76E454BC6BE6 /* Pods-NightwavePlaza.debug.xcconfig */;
			buildSettings = {
				ASSETCATALOG_COMPILER_APPICON_NAME = AppIcon;
				CLANG_ENABLE_MODULES = YES;
				CODE_SIGN_STYLE = Automatic;
				CURRENT_PROJECT_VERSION = 2;
				DEVELOPMENT_TEAM = PA5C4S9S27;
				INFOPLIST_FILE = NightwavePlaza/Info.plist;
				IPHONEOS_DEPLOYMENT_TARGET = 10.1;
				LD_RUNPATH_SEARCH_PATHS = (
					"$(inherited)",
					"@executable_path/Frameworks",
				);
				PRODUCT_BUNDLE_IDENTIFIER = com.nightwaveplaza.NightwavePlaza;
				PRODUCT_NAME = "Nightwave Plaza";
				SWIFT_OBJC_BRIDGING_HEADER = "NightwavePlaza/Network/NightwavePlaza-Bridging-Header.h";
				SWIFT_OPTIMIZATION_LEVEL = "-Onone";
				SWIFT_VERSION = 5.0;
				TARGETED_DEVICE_FAMILY = "1,2";
			};
			name = Debug;
		};
		FA0FFD752479B56100C58CFE /* Release */ = {
			isa = XCBuildConfiguration;
			baseConfigurationReference = 1EB634F9D2EB6896592659A6 /* Pods-NightwavePlaza.release.xcconfig */;
			buildSettings = {
				ASSETCATALOG_COMPILER_APPICON_NAME = AppIcon;
				CLANG_ENABLE_MODULES = YES;
				CODE_SIGN_STYLE = Automatic;
				CURRENT_PROJECT_VERSION = 2;
				DEVELOPMENT_TEAM = PA5C4S9S27;
				INFOPLIST_FILE = NightwavePlaza/Info.plist;
				IPHONEOS_DEPLOYMENT_TARGET = 10.1;
				LD_RUNPATH_SEARCH_PATHS = (
					"$(inherited)",
					"@executable_path/Frameworks",
				);
				PRODUCT_BUNDLE_IDENTIFIER = com.nightwaveplaza.NightwavePlaza;
				PRODUCT_NAME = "Nightwave Plaza";
				SWIFT_OBJC_BRIDGING_HEADER = "NightwavePlaza/Network/NightwavePlaza-Bridging-Header.h";
				SWIFT_VERSION = 5.0;
				TARGETED_DEVICE_FAMILY = "1,2";
			};
			name = Release;
		};
		FA0FFD772479B56100C58CFE /* Debug */ = {
			isa = XCBuildConfiguration;
			baseConfigurationReference = B95CDEDCCCFCE1314198CB8F /* Pods-NightwavePlazaTests.debug.xcconfig */;
			buildSettings = {
				ALWAYS_EMBED_SWIFT_STANDARD_LIBRARIES = YES;
				BUNDLE_LOADER = "$(TEST_HOST)";
				CODE_SIGN_STYLE = Automatic;
				DEVELOPMENT_TEAM = 5KKT4KK2FG;
				INFOPLIST_FILE = NightwavePlazaTests/Info.plist;
				IPHONEOS_DEPLOYMENT_TARGET = 13.4;
				LD_RUNPATH_SEARCH_PATHS = (
					"$(inherited)",
					"@executable_path/Frameworks",
					"@loader_path/Frameworks",
				);
				PRODUCT_BUNDLE_IDENTIFIER = com.alexgarbarev.NightwavePlazaTests;
				PRODUCT_NAME = "$(TARGET_NAME)";
				SWIFT_VERSION = 5.0;
				TARGETED_DEVICE_FAMILY = "1,2";
				TEST_HOST = "$(BUILT_PRODUCTS_DIR)/NightwavePlaza.app/NightwavePlaza";
			};
			name = Debug;
		};
		FA0FFD782479B56100C58CFE /* Release */ = {
			isa = XCBuildConfiguration;
			baseConfigurationReference = 308151CC824A698EFD427DE8 /* Pods-NightwavePlazaTests.release.xcconfig */;
			buildSettings = {
				ALWAYS_EMBED_SWIFT_STANDARD_LIBRARIES = YES;
				BUNDLE_LOADER = "$(TEST_HOST)";
				CODE_SIGN_STYLE = Automatic;
				DEVELOPMENT_TEAM = 5KKT4KK2FG;
				INFOPLIST_FILE = NightwavePlazaTests/Info.plist;
				IPHONEOS_DEPLOYMENT_TARGET = 13.4;
				LD_RUNPATH_SEARCH_PATHS = (
					"$(inherited)",
					"@executable_path/Frameworks",
					"@loader_path/Frameworks",
				);
				PRODUCT_BUNDLE_IDENTIFIER = com.alexgarbarev.NightwavePlazaTests;
				PRODUCT_NAME = "$(TARGET_NAME)";
				SWIFT_VERSION = 5.0;
				TARGETED_DEVICE_FAMILY = "1,2";
				TEST_HOST = "$(BUILT_PRODUCTS_DIR)/NightwavePlaza.app/NightwavePlaza";
			};
			name = Release;
		};
/* End XCBuildConfiguration section */

/* Begin XCConfigurationList section */
		FA0FFD4F2479B55F00C58CFE /* Build configuration list for PBXProject "NightwavePlaza" */ = {
			isa = XCConfigurationList;
			buildConfigurations = (
				FA0FFD712479B56100C58CFE /* Debug */,
				FA0FFD722479B56100C58CFE /* Release */,
			);
			defaultConfigurationIsVisible = 0;
			defaultConfigurationName = Release;
		};
		FA0FFD732479B56100C58CFE /* Build configuration list for PBXNativeTarget "NightwavePlaza" */ = {
			isa = XCConfigurationList;
			buildConfigurations = (
				FA0FFD742479B56100C58CFE /* Debug */,
				FA0FFD752479B56100C58CFE /* Release */,
			);
			defaultConfigurationIsVisible = 0;
			defaultConfigurationName = Release;
		};
		FA0FFD762479B56100C58CFE /* Build configuration list for PBXNativeTarget "NightwavePlazaTests" */ = {
			isa = XCConfigurationList;
			buildConfigurations = (
				FA0FFD772479B56100C58CFE /* Debug */,
				FA0FFD782479B56100C58CFE /* Release */,
			);
			defaultConfigurationIsVisible = 0;
			defaultConfigurationName = Release;
		};
/* End XCConfigurationList section */
	};
	rootObject = FA0FFD4C2479B55F00C58CFE /* Project object */;
}
